PODS:
  - AdvancedPageControl (0.9.0)
  - Charts (4.1.0):
    - Charts/Core (= 4.1.0)
  - Charts/Core (4.1.0):
    - SwiftAlgorithms (~> 1.0)
  - Cosmos (23.0.0)
  - iOSDropDown (0.4.0)
  - SideMenu (6.5.0)
  - Stripe (23.12.0):
    - StripeApplePay (= 23.12.0)
    - StripeCore (= 23.12.0)
    - StripePayments (= 23.12.0)
    - StripePaymentsUI (= 23.12.0)
    - StripeUICore (= 23.12.0)
  - StripeApplePay (23.12.0):
    - StripeCore (= 23.12.0)
  - StripeCore (23.12.0)
  - StripePayments (23.12.0):
    - StripeCore (= 23.12.0)
    - StripePayments/Stripe3DS2 (= 23.12.0)
  - StripePayments/Stripe3DS2 (23.12.0):
    - StripeCore (= 23.12.0)
  - StripePaymentsUI (23.12.0):
    - StripeCore (= 23.12.0)
    - StripePayments (= 23.12.0)
    - StripeUICore (= 23.12.0)
  - StripeUICore (23.12.0):
    - StripeCore (= 23.12.0)
  - SwiftAlgorithms (1.0.0)
  - TweeTextField (1.6.4)

DEPENDENCIES:
  - AdvancedPageControl
  - Charts
  - Cosmos
  - iOSDropDown
  - SideMenu
  - Stripe
  - TweeTextField

SPEC REPOS:
  trunk:
    - AdvancedPageControl
    - Charts
    - Cosmos
    - iOSDropDown
    - SideMenu
    - Stripe
    - StripeApplePay
    - StripeCore
    - StripePayments
    - StripePaymentsUI
    - StripeUICore
    - SwiftAlgorithms
    - TweeTextField

SPEC CHECKSUMS:
  AdvancedPageControl: 39e3b32b00b2d324c534f8e17cc6c5be9abe84b7
  Charts: ce0768268078eee0336f122c3c4ca248e4e204c5
  Cosmos: b5c6a9a637e28a061b54c8f8b1d8529d7d4db73f
  iOSDropDown: ce9daa584eaa5567cafc1b633e3cc7eb6d9cea42
  SideMenu: f583187d21c5b1dd04c72002be544b555a2627a2
  Stripe: 15fad81ffb8d553d77ff504a6d50d47b9028bed0
  StripeApplePay: 871274acfa7a96650ea8a697c288c54b8288fb6e
  StripeCore: 7b08fd286e8f8f5336eb725bc7ed1d2a4705cdc4
  StripePayments: 081e01e73762852ccf3e662202d5dd4107634058
  StripePaymentsUI: 3dae7fed9b148b2749dff622ece45f9b441b88ce
  StripeUICore: 4a76fa59cab679e1b2fe1ad37d6b08c5bf2ada54
  SwiftAlgorithms: 38dda4731d19027fdeee1125f973111bf3386b53
  TweeTextField: 726de695eead9784f7ed02e22f6944bfcfcca07a

PODFILE CHECKSUM: ab298535b9f1fdd7787898f345e8861c3f06b5dc

COCOAPODS: 1.12.1
